
Microsoft Visual Studio Solution File, Format Version 12.00
# Visual Studio Version 17
VisualStudioVersion = 17.7.34221.43
MinimumVisualStudioVersion = 10.0.40219.1
Project("{FAE04EC0-301F-11D3-BF4B-00C04F79EFBC}") = "Minesweeper_Console.NET", "Minesweeper_Console.NET\Minesweeper_Console.NET.csproj", "{DF89F330-D569-4B71-A18F-44A348D25C1A}"
EndProject
Global
	GlobalSection(SolutionConfigurationPlatforms) = preSolution
		Debug|Any CPU = Debug|Any CPU
		Release|Any CPU = Release|Any CPU
	EndGlobalSection
	GlobalSection(ProjectConfigurationPlatforms) = postSolution
		{DF89F330-D569-4B71-A18F-44A348D25C1A}.Debug|Any CPU.ActiveCfg = Debug|Any CPU
		{DF89F330-D569-4B71-A18F-44A348D25C1A}.Debug|Any CPU.Build.0 = Debug|Any CPU
		{DF89F330-D569-4B71-A18F-44A348D25C1A}.Release|Any CPU.ActiveCfg = Release|Any CPU
		{DF89F330-D569-4B71-A18F-44A348D25C1A}.Release|Any CPU.Build.0 = Release|Any CPU
	EndGlobalSection
	GlobalSection(SolutionProperties) = preSolution
		HideSolutionNode = FALSE
	EndGlobalSection
	GlobalSection(ExtensibilityGlobals) = postSolution
		SolutionGuid = {D2C8AF12-EE80-4BA6-BAAB-6323F9A2E889}
	EndGlobalSection
EndGlobal
